{
  "version": 4,
  "terraform_version": "1.5.7",
  "serial": 2,
  "lineage": "58ee01a4-93f9-4292-2b8a-37fac9a407ed",
  "outputs": {
    "cluster_arn": {
      "value": "arn:aws:ecs:us-east-1:054522428277:cluster/simple-api-cluster",
      "type": "string"
    },
    "cluster_name": {
      "value": "simple-api-cluster",
      "type": "string"
    }
  },
  "resources": [
    {
      "mode": "managed",
      "type": "aws_ecs_cluster",
      "name": "cluster",
      "provider": "provider[\"registry.terraform.io/hashicorp/aws\"]",
      "instances": [
        {
          "schema_version": 0,
          "attributes": {
            "arn": "arn:aws:ecs:us-east-1:054522428277:cluster/simple-api-cluster",
            "configuration": [],
            "id": "arn:aws:ecs:us-east-1:054522428277:cluster/simple-api-cluster",
            "name": "simple-api-cluster",
            "service_connect_defaults": [],
            "setting": [
              {
                "name": "containerInsights",
                "value": "disabled"
              }
            ],
            "tags": null,
            "tags_all": {}
          },
          "sensitive_attributes": [],
          "private": "bnVsbA=="
        }
      ]
    }
  ],
  "check_results": null
}
