{
  "version": 4,
  "terraform_version": "1.5.7",
  "serial": 2,
  "lineage": "8c8dd20d-5707-b42f-92db-3d7637027884",
  "outputs": {
    "repository_arn": {
      "value": "arn:aws:ecr:us-east-1:054522428277:repository/simple-api",
      "type": "string"
    },
    "repository_url": {
      "value": "054522428277.dkr.ecr.us-east-1.amazonaws.com/simple-api",
      "type": "string"
    }
  },
  "resources": [
    {
      "mode": "managed",
      "type": "aws_ecr_repository",
      "name": "repository",
      "provider": "provider[\"registry.terraform.io/hashicorp/aws\"]",
      "instances": [
        {
          "schema_version": 0,
          "attributes": {
            "arn": "arn:aws:ecr:us-east-1:054522428277:repository/simple-api",
            "encryption_configuration": [
              {
                "encryption_type": "AES256",
                "kms_key": ""
              }
            ],
            "force_delete": null,
            "id": "simple-api",
            "image_scanning_configuration": [
              {
                "scan_on_push": false
              }
            ],
            "image_tag_mutability": "MUTABLE",
            "name": "simple-api",
            "registry_id": "054522428277",
            "repository_url": "054522428277.dkr.ecr.us-east-1.amazonaws.com/simple-api",
            "tags": null,
            "tags_all": {},
            "timeouts": null
          },
          "sensitive_attributes": [],
          "private": "eyJlMmJmYjczMC1lY2FhLTExZTYtOGY4OC0zNDM2M2JjN2M0YzAiOnsiZGVsZXRlIjoxMjAwMDAwMDAwMDAwfX0="
        }
      ]
    }
  ],
  "check_results": null
}
